// !$*UTF8*$!
{
	archiveVersion = 1;
	classes = {
	};
	objectVersion = 46;
	objects = {

/* Begin PBXBuildFile section */
		22A68ECE1DA80299008AC2EC /* main.m in Sources */ = {isa = PBXBuildFile; fileRef = 22A68ECD1DA80299008AC2EC /* main.m */; };
		22A68ED11DA80299008AC2EC /* AppDelegate.m in Sources */ = {isa = PBXBuildFile; fileRef = 22A68ED01DA80299008AC2EC /* AppDelegate.m */; };
		22A68ED41DA80299008AC2EC /* ViewController.m in Sources */ = {isa = PBXBuildFile; fileRef = 22A68ED31DA80299008AC2EC /* ViewController.m */; };
		22A68ED71DA8029A008AC2EC /* Main.storyboard in Resources */ = {isa = PBXBuildFile; fileRef = 22A68ED51DA8029A008AC2EC /* Main.storyboard */; };
		22A68ED91DA8029A008AC2EC /* Assets.xcassets in Resources */ = {isa = PBXBuildFile; fileRef = 22A68ED81DA8029A008AC2EC /* Assets.xcassets */; };
		22A68EDC1DA8029A008AC2EC /* LaunchScreen.storyboard in Resources */ = {isa = PBXBuildFile; fileRef = 22A68EDA1DA8029A008AC2EC /* LaunchScreen.storyboard */; };
		22A68EE71DA8029A008AC2EC /* natchTests.m in Sources */ = {isa = PBXBuildFile; fileRef = 22A68EE61DA8029A008AC2EC /* natchTests.m */; };
		22A68EF21DA8029A008AC2EC /* natchUITests.m in Sources */ = {isa = PBXBuildFile; fileRef = 22A68EF11DA8029A008AC2EC /* natchUITests.m */; };
		342F5F4A1DA95FD500901E3E /* SignUp.m in Sources */ = {isa = PBXBuildFile; fileRef = 342F5F491DA95FD500901E3E /* SignUp.m */; };
		626C8E65FDF72BC24C4DE0F4 /* libPods-natchTests.a in Frameworks */ = {isa = PBXBuildFile; fileRef = 259790B2212CE1D4EF4D3006 /* libPods-natchTests.a */; };
		77801C0666A241DEF35B4DE4 /* libPods-natchUITests.a in Frameworks */ = {isa = PBXBuildFile; fileRef = FA286545A22437BDB8300FAA /* libPods-natchUITests.a */; };
		EFB27F00E5EDFA7026575E32 /* libPods-natch.a in Frameworks */ = {isa = PBXBuildFile; fileRef = DE328821FA4B58D19D0CFD3B /* libPods-natch.a */; };
/* End PBXBuildFile section */

/* Begin PBXContainerItemProxy section */
		22A68EE31DA8029A008AC2EC /* PBXContainerItemProxy */ = {
			isa = PBXContainerItemProxy;
			containerPortal = 22A68EC11DA80299008AC2EC /* Project object */;
			proxyType = 1;
			remoteGlobalIDString = 22A68EC81DA80299008AC2EC;
			remoteInfo = natch;
		};
		22A68EEE1DA8029A008AC2EC /* PBXContainerItemProxy */ = {
			isa = PBXContainerItemProxy;
			containerPortal = 22A68EC11DA80299008AC2EC /* Project object */;
			proxyType = 1;
			remoteGlobalIDString = 22A68EC81DA80299008AC2EC;
			remoteInfo = natch;
		};
/* End PBXContainerItemProxy section */

/* Begin PBXFileReference section */
		22A68EC91DA80299008AC2EC /* natch.app */ = {isa = PBXFileReference; explicitFileType = wrapper.application; includeInIndex = 0; path = natch.app; sourceTree = BUILT_PRODUCTS_DIR; };
		22A68ECD1DA80299008AC2EC /* main.m */ = {isa = PBXFileReference; lastKnownFileType = sourcecode.c.objc; path = main.m; sourceTree = "<group>"; };
		22A68ECF1DA80299008AC2EC /* AppDelegate.h */ = {isa = PBXFileReference; lastKnownFileType = sourcecode.c.h; path = AppDelegate.h; sourceTree = "<group>"; };
		22A68ED01DA80299008AC2EC /* AppDelegate.m */ = {isa = PBXFileReference; lastKnownFileType = sourcecode.c.objc; path = AppDelegate.m; sourceTree = "<group>"; };
		22A68ED21DA80299008AC2EC /* ViewController.h */ = {isa = PBXFileReference; lastKnownFileType = sourcecode.c.h; path = ViewController.h; sourceTree = "<group>"; };
		22A68ED31DA80299008AC2EC /* ViewController.m */ = {isa = PBXFileReference; lastKnownFileType = sourcecode.c.objc; path = ViewController.m; sourceTree = "<group>"; };
		22A68ED61DA8029A008AC2EC /* Base */ = {isa = PBXFileReference; lastKnownFileType = file.storyboard; name = Base; path = Base.lproj/Main.storyboard; sourceTree = "<group>"; };
		22A68ED81DA8029A008AC2EC /* Assets.xcassets */ = {isa = PBXFileReference; lastKnownFileType = folder.assetcatalog; path = Assets.xcassets; sourceTree = "<group>"; };
		22A68EDB1DA8029A008AC2EC /* Base */ = {isa = PBXFileReference; lastKnownFileType = file.storyboard; name = Base; path = Base.lproj/LaunchScreen.storyboard; sourceTree = "<group>"; };
		22A68EDD1DA8029A008AC2EC /* Info.plist */ = {isa = PBXFileReference; lastKnownFileType = text.plist.xml; path = Info.plist; sourceTree = "<group>"; };
		22A68EE21DA8029A008AC2EC /* natchTests.xctest */ = {isa = PBXFileReference; explicitFileType = wrapper.cfbundle; includeInIndex = 0; path = natchTests.xctest; sourceTree = BUILT_PRODUCTS_DIR; };
		22A68EE61DA8029A008AC2EC /* natchTests.m */ = {isa = PBXFileReference; lastKnownFileType = sourcecode.c.objc; path = natchTests.m; sourceTree = "<group>"; };
		22A68EE81DA8029A008AC2EC /* Info.plist */ = {isa = PBXFileReference; lastKnownFileType = text.plist.xml; path = Info.plist; sourceTree = "<group>"; };
		22A68EED1DA8029A008AC2EC /* natchUITests.xctest */ = {isa = PBXFileReference; explicitFileType = wrapper.cfbundle; includeInIndex = 0; path = natchUITests.xctest; sourceTree = BUILT_PRODUCTS_DIR; };
		22A68EF11DA8029A008AC2EC /* natchUITests.m */ = {isa = PBXFileReference; lastKnownFileType = sourcecode.c.objc; path = natchUITests.m; sourceTree = "<group>"; };
		22A68EF31DA8029A008AC2EC /* Info.plist */ = {isa = PBXFileReference; lastKnownFileType = text.plist.xml; path = Info.plist; sourceTree = "<group>"; };
		259790B2212CE1D4EF4D3006 /* libPods-natchTests.a */ = {isa = PBXFileReference; explicitFileType = archive.ar; includeInIndex = 0; path = "libPods-natchTests.a"; sourceTree = BUILT_PRODUCTS_DIR; };
		342F5F481DA95FD500901E3E /* SignUp.h */ = {isa = PBXFileReference; fileEncoding = 4; lastKnownFileType = sourcecode.c.h; path = SignUp.h; sourceTree = "<group>"; };
		342F5F491DA95FD500901E3E /* SignUp.m */ = {isa = PBXFileReference; fileEncoding = 4; lastKnownFileType = sourcecode.c.objc; path = SignUp.m; sourceTree = "<group>"; };
		4B00357A469AA731E13780B9 /* Pods-natch.release.xcconfig */ = {isa = PBXFileReference; includeInIndex = 1; lastKnownFileType = text.xcconfig; name = "Pods-natch.release.xcconfig"; path = "Pods/Target Support Files/Pods-natch/Pods-natch.release.xcconfig"; sourceTree = "<group>"; };
		523E0AC705482D3A8267F8D4 /* Pods-natchUITests.release.xcconfig */ = {isa = PBXFileReference; includeInIndex = 1; lastKnownFileType = text.xcconfig; name = "Pods-natchUITests.release.xcconfig"; path = "Pods/Target Support Files/Pods-natchUITests/Pods-natchUITests.release.xcconfig"; sourceTree = "<group>"; };
		926CDA304236E92CD85A3D36 /* Pods-natchTests.release.xcconfig */ = {isa = PBXFileReference; includeInIndex = 1; lastKnownFileType = text.xcconfig; name = "Pods-natchTests.release.xcconfig"; path = "Pods/Target Support Files/Pods-natchTests/Pods-natchTests.release.xcconfig"; sourceTree = "<group>"; };
		B9EF97ED8809D733596D494D /* Pods-natchTests.debug.xcconfig */ = {isa = PBXFileReference; includeInIndex = 1; lastKnownFileType = text.xcconfig; name = "Pods-natchTests.debug.xcconfig"; path = "Pods/Target Support Files/Pods-natchTests/Pods-natchTests.debug.xcconfig"; sourceTree = "<group>"; };
		C4F1270F774A9E425CEAE6D6 /* Pods-natchUITests.debug.xcconfig */ = {isa = PBXFileReference; includeInIndex = 1; lastKnownFileType = text.xcconfig; name = "Pods-natchUITests.debug.xcconfig"; path = "Pods/Target Support Files/Pods-natchUITests/Pods-natchUITests.debug.xcconfig"; sourceTree = "<group>"; };
		DE328821FA4B58D19D0CFD3B /* libPods-natch.a */ = {isa = PBXFileReference; explicitFileType = archive.ar; includeInIndex = 0; path = "libPods-natch.a"; sourceTree = BUILT_PRODUCTS_DIR; };
		EF400684AFF0718A64BD3A90 /* Pods-natch.debug.xcconfig */ = {isa = PBXFileReference; includeInIndex = 1; lastKnownFileType = text.xcconfig; name = "Pods-natch.debug.xcconfig"; path = "Pods/Target Support Files/Pods-natch/Pods-natch.debug.xcconfig"; sourceTree = "<group>"; };
		FA286545A22437BDB8300FAA /* libPods-natchUITests.a */ = {isa = PBXFileReference; explicitFileType = archive.ar; includeInIndex = 0; path = "libPods-natchUITests.a"; sourceTree = BUILT_PRODUCTS_DIR; };
/* End PBXFileReference section */

/* Begin PBXFrameworksBuildPhase section */
		22A68EC61DA80299008AC2EC /* Frameworks */ = {
			isa = PBXFrameworksBuildPhase;
			buildActionMask = 2147483647;
			files = (
				EFB27F00E5EDFA7026575E32 /* libPods-natch.a in Frameworks */,
			);
			runOnlyForDeploymentPostprocessing = 0;
		};
		22A68EDF1DA8029A008AC2EC /* Frameworks */ = {
			isa = PBXFrameworksBuildPhase;
			buildActionMask = 2147483647;
			files = (
				626C8E65FDF72BC24C4DE0F4 /* libPods-natchTests.a in Frameworks */,
			);
			runOnlyForDeploymentPostprocessing = 0;
		};
		22A68EEA1DA8029A008AC2EC /* Frameworks */ = {
			isa = PBXFrameworksBuildPhase;
			buildActionMask = 2147483647;
			files = (
				77801C0666A241DEF35B4DE4 /* libPods-natchUITests.a in Frameworks */,
			);
			runOnlyForDeploymentPostprocessing = 0;
		};
/* End PBXFrameworksBuildPhase section */

/* Begin PBXGroup section */
		22A68EC01DA80299008AC2EC = {
			isa = PBXGroup;
			children = (
				22A68ECB1DA80299008AC2EC /* natch */,
				22A68EE51DA8029A008AC2EC /* natchTests */,
				22A68EF01DA8029A008AC2EC /* natchUITests */,
				22A68ECA1DA80299008AC2EC /* Products */,
				CEA9B36DABF6A7715948AE01 /* Pods */,
				3E65E4BB8AF8467A71B708A3 /* Frameworks */,
			);
			sourceTree = "<group>";
		};
		22A68ECA1DA80299008AC2EC /* Products */ = {
			isa = PBXGroup;
			children = (
				22A68EC91DA80299008AC2EC /* natch.app */,
				22A68EE21DA8029A008AC2EC /* natchTests.xctest */,
				22A68EED1DA8029A008AC2EC /* natchUITests.xctest */,
			);
			name = Products;
			sourceTree = "<group>";
		};
		22A68ECB1DA80299008AC2EC /* natch */ = {
			isa = PBXGroup;
			children = (
				22A68ECF1DA80299008AC2EC /* AppDelegate.h */,
				22A68ED01DA80299008AC2EC /* AppDelegate.m */,
				22A68ED21DA80299008AC2EC /* ViewController.h */,
				22A68ED31DA80299008AC2EC /* ViewController.m */,
				22A68ED51DA8029A008AC2EC /* Main.storyboard */,
				342F5F481DA95FD500901E3E /* SignUp.h */,
				342F5F491DA95FD500901E3E /* SignUp.m */,
				22A68ED81DA8029A008AC2EC /* Assets.xcassets */,
				22A68EDA1DA8029A008AC2EC /* LaunchScreen.storyboard */,
				22A68EDD1DA8029A008AC2EC /* Info.plist */,
				22A68ECC1DA80299008AC2EC /* Supporting Files */,
			);
			path = natch;
			sourceTree = "<group>";
		};
		22A68ECC1DA80299008AC2EC /* Supporting Files */ = {
			isa = PBXGroup;
			children = (
				22A68ECD1DA80299008AC2EC /* main.m */,
			);
			name = "Supporting Files";
			sourceTree = "<group>";
		};
		22A68EE51DA8029A008AC2EC /* natchTests */ = {
			isa = PBXGroup;
			children = (
				22A68EE61DA8029A008AC2EC /* natchTests.m */,
				22A68EE81DA8029A008AC2EC /* Info.plist */,
			);
			path = natchTests;
			sourceTree = "<group>";
		};
		22A68EF01DA8029A008AC2EC /* natchUITests */ = {
			isa = PBXGroup;
			children = (
				22A68EF11DA8029A008AC2EC /* natchUITests.m */,
				22A68EF31DA8029A008AC2EC /* Info.plist */,
			);
			path = natchUITests;
			sourceTree = "<group>";
		};
		3E65E4BB8AF8467A71B708A3 /* Frameworks */ = {
			isa = PBXGroup;
			children = (
				DE328821FA4B58D19D0CFD3B /* libPods-natch.a */,
				259790B2212CE1D4EF4D3006 /* libPods-natchTests.a */,
				FA286545A22437BDB8300FAA /* libPods-natchUITests.a */,
			);
			name = Frameworks;
			sourceTree = "<group>";
		};
		CEA9B36DABF6A7715948AE01 /* Pods */ = {
			isa = PBXGroup;
			children = (
				EF400684AFF0718A64BD3A90 /* Pods-natch.debug.xcconfig */,
				4B00357A469AA731E13780B9 /* Pods-natch.release.xcconfig */,
				B9EF97ED8809D733596D494D /* Pods-natchTests.debug.xcconfig */,
				926CDA304236E92CD85A3D36 /* Pods-natchTests.release.xcconfig */,
				C4F1270F774A9E425CEAE6D6 /* Pods-natchUITests.debug.xcconfig */,
				523E0AC705482D3A8267F8D4 /* Pods-natchUITests.release.xcconfig */,
			);
			name = Pods;
			sourceTree = "<group>";
		};
/* End PBXGroup section */

/* Begin PBXNativeTarget section */
		22A68EC81DA80299008AC2EC /* natch */ = {
			isa = PBXNativeTarget;
			buildConfigurationList = 22A68EF61DA8029A008AC2EC /* Build configuration list for PBXNativeTarget "natch" */;
			buildPhases = (
				19ED84549B3316967684BE26 /* [CP] Check Pods Manifest.lock */,
				22A68EC51DA80299008AC2EC /* Sources */,
				22A68EC61DA80299008AC2EC /* Frameworks */,
				22A68EC71DA80299008AC2EC /* Resources */,
				CFDE5688302D43AD992978F2 /* [CP] Embed Pods Frameworks */,
				11B424ACCFD9C313AD1DD59D /* [CP] Copy Pods Resources */,
			);
			buildRules = (
			);
			dependencies = (
			);
			name = natch;
			productName = natch;
			productReference = 22A68EC91DA80299008AC2EC /* natch.app */;
			productType = "com.apple.product-type.application";
		};
		22A68EE11DA8029A008AC2EC /* natchTests */ = {
			isa = PBXNativeTarget;
			buildConfigurationList = 22A68EF91DA8029A008AC2EC /* Build configuration list for PBXNativeTarget "natchTests" */;
			buildPhases = (
				13BB0AEE68E6161448BCF0AB /* [CP] Check Pods Manifest.lock */,
				22A68EDE1DA8029A008AC2EC /* Sources */,
				22A68EDF1DA8029A008AC2EC /* Frameworks */,
				22A68EE01DA8029A008AC2EC /* Resources */,
				2757B3083AB7618514895EBB /* [CP] Embed Pods Frameworks */,
				B6A6116E625C1F277FFBEFA8 /* [CP] Copy Pods Resources */,
			);
			buildRules = (
			);
			dependencies = (
				22A68EE41DA8029A008AC2EC /* PBXTargetDependency */,
			);
			name = natchTests;
			productName = natchTests;
			productReference = 22A68EE21DA8029A008AC2EC /* natchTests.xctest */;
			productType = "com.apple.product-type.bundle.unit-test";
		};
		22A68EEC1DA8029A008AC2EC /* natchUITests */ = {
			isa = PBXNativeTarget;
			buildConfigurationList = 22A68EFC1DA8029A008AC2EC /* Build configuration list for PBXNativeTarget "natchUITests" */;
			buildPhases = (
				07D3C8FFEF52D7E3D2EDAF8A /* [CP] Check Pods Manifest.lock */,
				22A68EE91DA8029A008AC2EC /* Sources */,
				22A68EEA1DA8029A008AC2EC /* Frameworks */,
				22A68EEB1DA8029A008AC2EC /* Resources */,
				45BE608ED775AD8032D72356 /* [CP] Copy Pods Resources */,
			);
			buildRules = (
			);
			dependencies = (
				22A68EEF1DA8029A008AC2EC /* PBXTargetDependency */,
			);
			name = natchUITests;
			productName = natchUITests;
			productReference = 22A68EED1DA8029A008AC2EC /* natchUITests.xctest */;
			productType = "com.apple.product-type.bundle.ui-testing";
		};
/* End PBXNativeTarget section */

/* Begin PBXProject section */
		22A68EC11DA80299008AC2EC /* Project object */ = {
			isa = PBXProject;
			attributes = {
				LastUpgradeCheck = 0800;
				ORGANIZATIONNAME = Natch;
				TargetAttributes = {
					22A68EC81DA80299008AC2EC = {
						CreatedOnToolsVersion = 8.0;
						ProvisioningStyle = Automatic;
					};
					22A68EE11DA8029A008AC2EC = {
						CreatedOnToolsVersion = 8.0;
						ProvisioningStyle = Automatic;
						TestTargetID = 22A68EC81DA80299008AC2EC;
					};
					22A68EEC1DA8029A008AC2EC = {
						CreatedOnToolsVersion = 8.0;
						ProvisioningStyle = Automatic;
						TestTargetID = 22A68EC81DA80299008AC2EC;
					};
				};
			};
			buildConfigurationList = 22A68EC41DA80299008AC2EC /* Build configuration list for PBXProject "natch" */;
			compatibilityVersion = "Xcode 3.2";
			developmentRegion = English;
			hasScannedForEncodings = 0;
			knownRegions = (
				en,
				Base,
			);
			mainGroup = 22A68EC01DA80299008AC2EC;
			productRefGroup = 22A68ECA1DA80299008AC2EC /* Products */;
			projectDirPath = "";
			projectRoot = "";
			targets = (
				22A68EC81DA80299008AC2EC /* natch */,
				22A68EE11DA8029A008AC2EC /* natchTests */,
				22A68EEC1DA8029A008AC2EC /* natchUITests */,
			);
		};
/* End PBXProject section */

/* Begin PBXResourcesBuildPhase section */
		22A68EC71DA80299008AC2EC /* Resources */ = {
			isa = PBXResourcesBuildPhase;
			buildActionMask = 2147483647;
			files = (
				22A68EDC1DA8029A008AC2EC /* LaunchScreen.storyboard in Resources */,
				22A68ED91DA8029A008AC2EC /* Assets.xcassets in Resources */,
				22A68ED71DA8029A008AC2EC /* Main.storyboard in Resources */,
			);
			runOnlyForDeploymentPostprocessing = 0;
		};
		22A68EE01DA8029A008AC2EC /* Resources */ = {
			isa = PBXResourcesBuildPhase;
			buildActionMask = 2147483647;
			files = (
			);
			runOnlyForDeploymentPostprocessing = 0;
		};
		22A68EEB1DA8029A008AC2EC /* Resources */ = {
			isa = PBXResourcesBuildPhase;
			buildActionMask = 2147483647;
			files = (
			);
			runOnlyForDeploymentPostprocessing = 0;
		};
/* End PBXResourcesBuildPhase section */

/* Begin PBXShellScriptBuildPhase section */
		07D3C8FFEF52D7E3D2EDAF8A /* [CP] Check Pods Manifest.lock */ = {
			isa = PBXShellScriptBuildPhase;
			buildActionMask = 2147483647;
			files = (
			);
			inputPaths = (
			);
			name = "[CP] Check Pods Manifest.lock";
			outputPaths = (
			);
			runOnlyForDeploymentPostprocessing = 0;
			shellPath = /bin/sh;
			shellScript = "diff \"${PODS_ROOT}/../Podfile.lock\" \"${PODS_ROOT}/Manifest.lock\" > /dev/null\nif [[ $? != 0 ]] ; then\n    cat << EOM\nerror: The sandbox is not in sync with the Podfile.lock. Run 'pod install' or update your CocoaPods installation.\nEOM\n    exit 1\nfi\n";
			showEnvVarsInLog = 0;
		};
		11B424ACCFD9C313AD1DD59D /* [CP] Copy Pods Resources */ = {
			isa = PBXShellScriptBuildPhase;
			buildActionMask = 2147483647;
			files = (
			);
			inputPaths = (
			);
			name = "[CP] Copy Pods Resources";
			outputPaths = (
			);
			runOnlyForDeploymentPostprocessing = 0;
			shellPath = /bin/sh;
			shellScript = "\"${SRCROOT}/Pods/Target Support Files/Pods-natch/Pods-natch-resources.sh\"\n";
			showEnvVarsInLog = 0;
		};
		13BB0AEE68E6161448BCF0AB /* [CP] Check Pods Manifest.lock */ = {
			isa = PBXShellScriptBuildPhase;
			buildActionMask = 2147483647;
			files = (
			);
			inputPaths = (
			);
			name = "[CP] Check Pods Manifest.lock";
			outputPaths = (
			);
			runOnlyForDeploymentPostprocessing = 0;
			shellPath = /bin/sh;
			shellScript = "diff \"${PODS_ROOT}/../Podfile.lock\" \"${PODS_ROOT}/Manifest.lock\" > /dev/null\nif [[ $? != 0 ]] ; then\n    cat << EOM\nerror: The sandbox is not in sync with the Podfile.lock. Run 'pod install' or update your CocoaPods installation.\nEOM\n    exit 1\nfi\n";
			showEnvVarsInLog = 0;
		};
		19ED84549B3316967684BE26 /* [CP] Check Pods Manifest.lock */ = {
			isa = PBXShellScriptBuildPhase;
			buildActionMask = 2147483647;
			files = (
			);
			inputPaths = (
			);
			name = "[CP] Check Pods Manifest.lock";
			outputPaths = (
			);
			runOnlyForDeploymentPostprocessing = 0;
			shellPath = /bin/sh;
			shellScript = "diff \"${PODS_ROOT}/../Podfile.lock\" \"${PODS_ROOT}/Manifest.lock\" > /dev/null\nif [[ $? != 0 ]] ; then\n    cat << EOM\nerror: The sandbox is not in sync with the Podfile.lock. Run 'pod install' or update your CocoaPods installation.\nEOM\n    exit 1\nfi\n";
			showEnvVarsInLog = 0;
		};
		2757B3083AB7618514895EBB /* [CP] Embed Pods Frameworks */ = {
			isa = PBXShellScriptBuildPhase;
			buildActionMask = 2147483647;
			files = (
			);
			inputPaths = (
			);
			name = "[CP] Embed Pods Frameworks";
			outputPaths = (
			);
			runOnlyForDeploymentPostprocessing = 0;
			shellPath = /bin/sh;
			shellScript = "\"${SRCROOT}/Pods/Target Support Files/Pods-natchTests/Pods-natchTests-frameworks.sh\"\n";
			showEnvVarsInLog = 0;
		};
		45BE608ED775AD8032D72356 /* [CP] Copy Pods Resources */ = {
			isa = PBXShellScriptBuildPhase;
			buildActionMask = 2147483647;
			files = (
			);
			inputPaths = (
			);
			name = "[CP] Copy Pods Resources";
			outputPaths = (
			);
			runOnlyForDeploymentPostprocessing = 0;
			shellPath = /bin/sh;
			shellScript = "\"${SRCROOT}/Pods/Target Support Files/Pods-natchUITests/Pods-natchUITests-resources.sh\"\n";
			showEnvVarsInLog = 0;
		};
		B6A6116E625C1F277FFBEFA8 /* [CP] Copy Pods Resources */ = {
			isa = PBXShellScriptBuildPhase;
			buildActionMask = 2147483647;
			files = (
			);
			inputPaths = (
			);
			name = "[CP] Copy Pods Resources";
			outputPaths = (
			);
			runOnlyForDeploymentPostprocessing = 0;
			shellPath = /bin/sh;
			shellScript = "\"${SRCROOT}/Pods/Target Support Files/Pods-natchTests/Pods-natchTests-resources.sh\"\n";
			showEnvVarsInLog = 0;
		};
		CFDE5688302D43AD992978F2 /* [CP] Embed Pods Frameworks */ = {
			isa = PBXShellScriptBuildPhase;
			buildActionMask = 2147483647;
			files = (
			);
			inputPaths = (
			);
			name = "[CP] Embed Pods Frameworks";
			outputPaths = (
			);
			runOnlyForDeploymentPostprocessing = 0;
			shellPath = /bin/sh;
			shellScript = "\"${SRCROOT}/Pods/Target Support Files/Pods-natch/Pods-natch-frameworks.sh\"\n";
			showEnvVarsInLog = 0;
		};
/* End PBXShellScriptBuildPhase section */

/* Begin PBXSourcesBuildPhase section */
		22A68EC51DA80299008AC2EC /* Sources */ = {
			isa = PBXSourcesBuildPhase;
			buildActionMask = 2147483647;
			files = (
				22A68ED41DA80299008AC2EC /* ViewController.m in Sources */,
				342F5F4A1DA95FD500901E3E /* SignUp.m in Sources */,
				22A68ED11DA80299008AC2EC /* AppDelegate.m in Sources */,
				22A68ECE1DA80299008AC2EC /* main.m in Sources */,
			);
			runOnlyForDeploymentPostprocessing = 0;
		};
		22A68EDE1DA8029A008AC2EC /* Sources */ = {
			isa = PBXSourcesBuildPhase;
			buildActionMask = 2147483647;
			files = (
				22A68EE71DA8029A008AC2EC /* natchTests.m in Sources */,
			);
			runOnlyForDeploymentPostprocessing = 0;
		};
		22A68EE91DA8029A008AC2EC /* Sources */ = {
			isa = PBXSourcesBuildPhase;
			buildActionMask = 2147483647;
			files = (
				22A68EF21DA8029A008AC2EC /* natchUITests.m in Sources */,
			);
			runOnlyForDeploymentPostprocessing = 0;
		};
/* End PBXSourcesBuildPhase section */

/* Begin PBXTargetDependency section */
		22A68EE41DA8029A008AC2EC /* PBXTargetDependency */ = {
			isa = PBXTargetDependency;
			target = 22A68EC81DA80299008AC2EC /* natch */;
			targetProxy = 22A68EE31DA8029A008AC2EC /* PBXContainerItemProxy */;
		};
		22A68EEF1DA8029A008AC2EC /* PBXTargetDependency */ = {
			isa = PBXTargetDependency;
			target = 22A68EC81DA80299008AC2EC /* natch */;
			targetProxy = 22A68EEE1DA8029A008AC2EC /* PBXContainerItemProxy */;
		};
/* End PBXTargetDependency section */

/* Begin PBXVariantGroup section */
		22A68ED51DA8029A008AC2EC /* Main.storyboard */ = {
			isa = PBXVariantGroup;
			children = (
				22A68ED61DA8029A008AC2EC /* Base */,
			);
			name = Main.storyboard;
			sourceTree = "<group>";
		};
		22A68EDA1DA8029A008AC2EC /* LaunchScreen.storyboard */ = {
			isa = PBXVariantGroup;
			children = (
				22A68EDB1DA8029A008AC2EC /* Base */,
			);
			name = LaunchScreen.storyboard;
			sourceTree = "<group>";
		};
/* End PBXVariantGroup section */

/* Begin XCBuildConfiguration section */
		22A68EF41DA8029A008AC2EC /* Debug */ = {
			isa = XCBuildConfiguration;
			buildSettings = {
				ALWAYS_SEARCH_USER_PATHS = NO;
				CLANG_ANALYZER_NONNULL = YES;
				CLANG_CXX_LANGUAGE_STANDARD = "gnu++0x";
				CLANG_CXX_LIBRARY = "libc++";
				CLANG_ENABLE_MODULES = YES;
				CLANG_ENABLE_OBJC_ARC = YES;
				CLANG_WARN_BOOL_CONVERSION = YES;
				CLANG_WARN_CONSTANT_CONVERSION = YES;
				CLANG_WARN_DIRECT_OBJC_ISA_USAGE = YES_ERROR;
				CLANG_WARN_DOCUMENTATION_COMMENTS = YES;
				CLANG_WARN_EMPTY_BODY = YES;
				CLANG_WARN_ENUM_CONVERSION = YES;
				CLANG_WARN_INFINITE_RECURSION = YES;
				CLANG_WARN_INT_CONVERSION = YES;
				CLANG_WARN_OBJC_ROOT_CLASS = YES_ERROR;
				CLANG_WARN_SUSPICIOUS_MOVES = YES;
				CLANG_WARN_UNREACHABLE_CODE = YES;
				CLANG_WARN__DUPLICATE_METHOD_MATCH = YES;
				"CODE_SIGN_IDENTITY[sdk=iphoneos*]" = "iPhone Developer";
				COPY_PHASE_STRIP = NO;
				DEBUG_INFORMATION_FORMAT = dwarf;
				ENABLE_STRICT_OBJC_MSGSEND = YES;
				ENABLE_TESTABILITY = YES;
				GCC_C_LANGUAGE_STANDARD = gnu99;
				GCC_DYNAMIC_NO_PIC = NO;
				GCC_NO_COMMON_BLOCKS = YES;
				GCC_OPTIMIZATION_LEVEL = 0;
				GCC_PREPROCESSOR_DEFINITIONS = (
					"DEBUG=1",
					"$(inherited)",
				);
				GCC_WARN_64_TO_32_BIT_CONVERSION = YES;
				GCC_WARN_ABOUT_RETURN_TYPE = YES_ERROR;
				GCC_WARN_UNDECLARED_SELECTOR = YES;
				GCC_WARN_UNINITIALIZED_AUTOS = YES_AGGRESSIVE;
				GCC_WARN_UNUSED_FUNCTION = YES;
				GCC_WARN_UNUSED_VARIABLE = YES;
				IPHONEOS_DEPLOYMENT_TARGET = 10.0;
				MTL_ENABLE_DEBUG_INFO = YES;
				ONLY_ACTIVE_ARCH = YES;
				SDKROOT = iphoneos;
				TARGETED_DEVICE_FAMILY = "1,2";
			};
			name = Debug;
		};
		22A68EF51DA8029A008AC2EC /* Release */ = {
			isa = XCBuildConfiguration;
			buildSettings = {
				ALWAYS_SEARCH_USER_PATHS = NO;
				CLANG_ANALYZER_NONNULL = YES;
				CLANG_CXX_LANGUAGE_STANDARD = "gnu++0x";
				CLANG_CXX_LIBRARY = "libc++";
				CLANG_ENABLE_MODULES = YES;
				CLANG_ENABLE_OBJC_ARC = YES;
				CLANG_WARN_BOOL_CONVERSION = YES;
				CLANG_WARN_CONSTANT_CONVERSION = YES;
				CLANG_WARN_DIRECT_OBJC_ISA_USAGE = YES_ERROR;
				CLANG_WARN_DOCUMENTATION_COMMENTS = YES;
				CLANG_WARN_EMPTY_BODY = YES;
				CLANG_WARN_ENUM_CONVERSION = YES;
				CLANG_WARN_INFINITE_RECURSION = YES;
				CLANG_WARN_INT_CONVERSION = YES;
				CLANG_WARN_OBJC_ROOT_CLASS = YES_ERROR;
				CLANG_WARN_SUSPICIOUS_MOVES = YES;
				CLANG_WARN_UNREACHABLE_CODE = YES;
				CLANG_WARN__DUPLICATE_METHOD_MATCH = YES;
				"CODE_SIGN_IDENTITY[sdk=iphoneos*]" = "iPhone Developer";
				COPY_PHASE_STRIP = NO;
				DEBUG_INFORMATION_FORMAT = "dwarf-with-dsym";
				ENABLE_NS_ASSERTIONS = NO;
				ENABLE_STRICT_OBJC_MSGSEND = YES;
				GCC_C_LANGUAGE_STANDARD = gnu99;
				GCC_NO_COMMON_BLOCKS = YES;
				GCC_WARN_64_TO_32_BIT_CONVERSION = YES;
				GCC_WARN_ABOUT_RETURN_TYPE = YES_ERROR;
				GCC_WARN_UNDECLARED_SELECTOR = YES;
				GCC_WARN_UNINITIALIZED_AUTOS = YES_AGGRESSIVE;
				GCC_WARN_UNUSED_FUNCTION = YES;
				GCC_WARN_UNUSED_VARIABLE = YES;
				IPHONEOS_DEPLOYMENT_TARGET = 10.0;
				MTL_ENABLE_DEBUG_INFO = NO;
				SDKROOT = iphoneos;
				TARGETED_DEVICE_FAMILY = "1,2";
				VALIDATE_PRODUCT = YES;
			};
			name = Release;
		};
		22A68EF71DA8029A008AC2EC /* Debug */ = {
			isa = XCBuildConfiguration;
			baseConfigurationReference = EF400684AFF0718A64BD3A90 /* Pods-natch.debug.xcconfig */;
			buildSettings = {
				ASSETCATALOG_COMPILER_APPICON_NAME = AppIcon;
				INFOPLIST_FILE = natch/Info.plist;
				LD_RUNPATH_SEARCH_PATHS = "$(inherited) @executable_path/Frameworks";
				PRODUCT_BUNDLE_IDENTIFIER = com.natch.natch;
				PRODUCT_NAME = "$(TARGET_NAME)";
			};
			name = Debug;
		};
		22A68EF81DA8029A008AC2EC /* Release */ = {
			isa = XCBuildConfiguration;
			baseConfigurationReference = 4B00357A469AA731E13780B9 /* Pods-natch.release.xcconfig */;
			buildSettings = {
				ASSETCATALOG_COMPILER_APPICON_NAME = AppIcon;
				INFOPLIST_FILE = natch/Info.plist;
				LD_RUNPATH_SEARCH_PATHS = "$(inherited) @executable_path/Frameworks";
				PRODUCT_BUNDLE_IDENTIFIER = com.natch.natch;
				PRODUCT_NAME = "$(TARGET_NAME)";
			};
			name = Release;
		};
		22A68EFA1DA8029A008AC2EC /* Debug */ = {
			isa = XCBuildConfiguration;
			baseConfigurationReference = B9EF97ED8809D733596D494D /* Pods-natchTests.debug.xcconfig */;
			buildSettings = {
				BUNDLE_LOADER = "$(TEST_HOST)";
				INFOPLIST_FILE = natchTests/Info.plist;
				LD_RUNPATH_SEARCH_PATHS = "$(inherited) @executable_path/Frameworks @loader_path/Frameworks";
				PRODUCT_BUNDLE_IDENTIFIER = com.natch.natchTests;
				PRODUCT_NAME = "$(TARGET_NAME)";
				TEST_HOST = "$(BUILT_PRODUCTS_DIR)/natch.app/natch";
			};
			name = Debug;
		};
		22A68EFB1DA8029A008AC2EC /* Release */ = {
			isa = XCBuildConfiguration;
			baseConfigurationReference = 926CDA304236E92CD85A3D36 /* Pods-natchTests.release.xcconfig */;
			buildSettings = {
				BUNDLE_LOADER = "$(TEST_HOST)";
				INFOPLIST_FILE = natchTests/Info.plist;
				LD_RUNPATH_SEARCH_PATHS = "$(inherited) @executable_path/Frameworks @loader_path/Frameworks";
				PRODUCT_BUNDLE_IDENTIFIER = com.natch.natchTests;
				PRODUCT_NAME = "$(TARGET_NAME)";
				TEST_HOST = "$(BUILT_PRODUCTS_DIR)/natch.app/natch";
			};
			name = Release;
		};
		22A68EFD1DA8029A008AC2EC /* Debug */ = {
			isa = XCBuildConfiguration;
			baseConfigurationReference = C4F1270F774A9E425CEAE6D6 /* Pods-natchUITests.debug.xcconfig */;
			buildSettings = {
				INFOPLIST_FILE = natchUITests/Info.plist;
				LD_RUNPATH_SEARCH_PATHS = "$(inherited) @executable_path/Frameworks @loader_path/Frameworks";
				PRODUCT_BUNDLE_IDENTIFIER = com.natch.natchUITests;
				PRODUCT_NAME = "$(TARGET_NAME)";
				TEST_TARGET_NAME = natch;
			};
			name = Debug;
		};
		22A68EFE1DA8029A008AC2EC /* Release */ = {
			isa = XCBuildConfiguration;
			baseConfigurationReference = 523E0AC705482D3A8267F8D4 /* Pods-natchUITests.release.xcconfig */;
			buildSettings = {
				INFOPLIST_FILE = natchUITests/Info.plist;
				LD_RUNPATH_SEARCH_PATHS = "$(inherited) @executable_path/Frameworks @loader_path/Frameworks";
				PRODUCT_BUNDLE_IDENTIFIER = com.natch.natchUITests;
				PRODUCT_NAME = "$(TARGET_NAME)";
				TEST_TARGET_NAME = natch;
			};
			name = Release;
		};
/* End XCBuildConfiguration section */

/* Begin XCConfigurationList section */
		22A68EC41DA80299008AC2EC /* Build configuration list for PBXProject "natch" */ = {
			isa = XCConfigurationList;
			buildConfigurations = (
				22A68EF41DA8029A008AC2EC /* Debug */,
				22A68EF51DA8029A008AC2EC /* Release */,
			);
			defaultConfigurationIsVisible = 0;
			defaultConfigurationName = Release;
		};
		22A68EF61DA8029A008AC2EC /* Build configuration list for PBXNativeTarget "natch" */ = {
			isa = XCConfigurationList;
			buildConfigurations = (
				22A68EF71DA8029A008AC2EC /* Debug */,
				22A68EF81DA8029A008AC2EC /* Release */,
			);
			defaultConfigurationIsVisible = 0;
			defaultConfigurationName = Release;
		};
		22A68EF91DA8029A008AC2EC /* Build configuration list for PBXNativeTarget "natchTests" */ = {
			isa = XCConfigurationList;
			buildConfigurations = (
				22A68EFA1DA8029A008AC2EC /* Debug */,
				22A68EFB1DA8029A008AC2EC /* Release */,
			);
			defaultConfigurationIsVisible = 0;
			defaultConfigurationName = Release;
		};
		22A68EFC1DA8029A008AC2EC /* Build configuration list for PBXNativeTarget "natchUITests" */ = {
			isa = XCConfigurationList;
			buildConfigurations = (
				22A68EFD1DA8029A008AC2EC /* Debug */,
				22A68EFE1DA8029A008AC2EC /* Release */,
			);
			defaultConfigurationIsVisible = 0;
			defaultConfigurationName = Release;
		};
/* End XCConfigurationList section */
	};
	rootObject = 22A68EC11DA80299008AC2EC /* Project object */;
}
